
Microsoft Visual Studio Solution File, Format Version 12.00
Project("{FAE04EC0-301F-11D3-BF4B-00C04F79EFBC}") = "LeagueSimulation", "LeagueSimulation\LeagueSimulation.csproj", "{A2433F97-39A3-436F-A54F-98AFEB2A5C29}"
EndProject
Global
	GlobalSection(SolutionConfigurationPlatforms) = preSolution
		Debug|Any CPU = Debug|Any CPU
		Release|Any CPU = Release|Any CPU
	EndGlobalSection
	GlobalSection(ProjectConfigurationPlatforms) = postSolution
		{A2433F97-39A3-436F-A54F-98AFEB2A5C29}.Debug|Any CPU.ActiveCfg = Debug|Any CPU
		{A2433F97-39A3-436F-A54F-98AFEB2A5C29}.Debug|Any CPU.Build.0 = Debug|Any CPU
		{A2433F97-39A3-436F-A54F-98AFEB2A5C29}.Release|Any CPU.ActiveCfg = Release|Any CPU
		{A2433F97-39A3-436F-A54F-98AFEB2A5C29}.Release|Any CPU.Build.0 = Release|Any CPU
	EndGlobalSection
EndGlobal
